{
  "name": "dev-dashboard",
  "version": "0.1.0",
  "lockfileVersion": 3,
  "requires": true,
  "packages": {
    "": {
      "name": "dev-dashboard",
      "version": "0.1.0",
      "devDependencies": {
        "@perryts/perry": "latest"
      }
    },
    "node_modules/@perryts/perry": {
      "version": "0.5.1129",
      "resolved": "https://registry.npmjs.org/@perryts/perry/-/perry-0.5.1129.tgz",
      "integrity": "sha512-whnSSToBdAp6Vxtz8gwE91R/ZkX5OVOoK48jV36bGr6KQ6iLQv62y3jfWW5owJR4T+YSqhbYsxAYF4TLRE4Rrg==",
      "dev": true,
      "license": "MIT",
      "bin": {
        "perry": "bin/perry.js"
      },
      "engines": {
        "node": ">=16"
      },
      "optionalDependencies": {
        "@perryts/perry-darwin-arm64": "0.5.1129",
        "@perryts/perry-darwin-x64": "0.5.1129",
        "@perryts/perry-linux-arm64": "0.5.1129",
        "@perryts/perry-linux-arm64-musl": "0.5.1129",
        "@perryts/perry-linux-x64": "0.5.1129",
        "@perryts/perry-linux-x64-musl": "0.5.1129",
        "@perryts/perry-win32-x64": "0.5.1129"
      }
    },
    "node_modules/@perryts/perry-darwin-arm64": {
      "version": "0.5.1129",
      "resolved": "https://registry.npmjs.org/@perryts/perry-darwin-arm64/-/perry-darwin-arm64-0.5.1129.tgz",
      "integrity": "sha512-VgJQXTSmFr4U/pj7QCJKO0Oy3SdPFqjgGxWrrOrP/fkTkIjgfxKiI7HfjiAFMrP/2fjCGPy+XtW7JwUQjp82ig==",
      "cpu": [
        "arm64"
      ],
      "dev": true,
      "license": "MIT",
      "optional": true,
      "os": [
        "darwin"
      ]
    },
    "node_modules/@perryts/perry-darwin-x64": {
      "version": "0.5.1129",
      "resolved": "https://registry.npmjs.org/@perryts/perry-darwin-x64/-/perry-darwin-x64-0.5.1129.tgz",
      "integrity": "sha512-kTZaE44MXdKjUSqrTXwD1MdFqWPsv1uyrytMUHp6Tohy1x6lB/CB1lIi3HzZCTrfmAf8923/skcij4dIbAzdMw==",
      "cpu": [
        "x64"
      ],
      "dev": true,
      "license": "MIT",
      "optional": true,
      "os": [
        "darwin"
      ]
    },
    "node_modules/@perryts/perry-linux-arm64": {
      "version": "0.5.1129",
      "resolved": "https://registry.npmjs.org/@perryts/perry-linux-arm64/-/perry-linux-arm64-0.5.1129.tgz",
      "integrity": "sha512-NPbgc1mp23fcYwP+irdoZRrQqudgfBw9yZ1sZcGBUs6VjhLZYhf6nTUEEVHLSDgDj14v+GeCEjAlfEPJtFCzsA==",
      "cpu": [
        "arm64"
      ],
      "dev": true,
      "license": "MIT",
      "optional": true,
      "os": [
        "linux"
      ]
    },
    "node_modules/@perryts/perry-linux-arm64-musl": {
      "version": "0.5.1129",
      "resolved": "https://registry.npmjs.org/@perryts/perry-linux-arm64-musl/-/perry-linux-arm64-musl-0.5.1129.tgz",
      "integrity": "sha512-dkEqdu2pVnzh4w2in1pIzbeFkmNn34qfWl3EITzjbSx1LHrNBapgkMUfUVgNFXvAQ8nLq2gLYecCy5S4PbZwVQ==",
      "cpu": [
        "arm64"
      ],
      "dev": true,
      "license": "MIT",
      "optional": true,
      "os": [
        "linux"
      ]
    },
    "node_modules/@perryts/perry-linux-x64": {
      "version": "0.5.1129",
      "resolved": "https://registry.npmjs.org/@perryts/perry-linux-x64/-/perry-linux-x64-0.5.1129.tgz",
      "integrity": "sha512-KTxcRcDbUyD5+TBasWHlk1IHcfJ3UAOPPsaC0tIXIAES3fO+jKsHcI01NiRzxX8wHIIRbr4TPHInzGZd4VQ7wQ==",
      "cpu": [
        "x64"
      ],
      "dev": true,
      "license": "MIT",
      "optional": true,
      "os": [
        "linux"
      ]
    },
    "node_modules/@perryts/perry-linux-x64-musl": {
      "version": "0.5.1129",
      "resolved": "https://registry.npmjs.org/@perryts/perry-linux-x64-musl/-/perry-linux-x64-musl-0.5.1129.tgz",
      "integrity": "sha512-64+mvnHm8kTiV7NNFLAkuKb7tu1UjWK298U949UKjxcP3Ta46hGKqlQn6+dECPlbJGk0kr5DWtJDAljttcKCQg==",
      "cpu": [
        "x64"
      ],
      "dev": true,
      "license": "MIT",
      "optional": true,
      "os": [
        "linux"
      ]
    },
    "node_modules/@perryts/perry-win32-x64": {
      "version": "0.5.1129",
      "resolved": "https://registry.npmjs.org/@perryts/perry-win32-x64/-/perry-win32-x64-0.5.1129.tgz",
      "integrity": "sha512-bNheYztHWlJzb1LDssgBI7ubZaQJ6xtPa47MYL04J5HX/HWoKWCnJuYUnlpI8t92X6WiZ1cF01yrdxbac/N60w==",
      "cpu": [
        "x64"
      ],
      "dev": true,
      "license": "MIT",
      "optional": true,
      "os": [
        "win32"
      ]
    }
  }
}
